// !$*UTF8*$!
{
	archiveVersion = 1;
	classes = {
	};
	objectVersion = 50;
	objects = {

/* Begin PBXBuildFile section */
		3SPLURR6IRC8DVGP0O1TJVI6 /* ProfileViewPresenter.swift in Sources */ = {isa = PBXBuildFile; fileRef = XLRYH45QOB74Q26WZDUAV4IR /* ProfileViewPresenter.swift */; };
		6468773023E71321003039B8 /* NamePictureCell.swift in Sources */ = {isa = PBXBuildFile; fileRef = 6468772E23E71321003039B8 /* NamePictureCell.swift */; };
		6468773123E71321003039B8 /* NamePictureCell.xib in Resources */ = {isa = PBXBuildFile; fileRef = 6468772F23E71321003039B8 /* NamePictureCell.xib */; };
		6468773423E71454003039B8 /* AboutCell.swift in Sources */ = {isa = PBXBuildFile; fileRef = 6468773223E71454003039B8 /* AboutCell.swift */; };
		6468773523E71454003039B8 /* AboutCell.xib in Resources */ = {isa = PBXBuildFile; fileRef = 6468773323E71454003039B8 /* AboutCell.xib */; };
		6468773823E71575003039B8 /* FriendCell.swift in Sources */ = {isa = PBXBuildFile; fileRef = 6468773623E71575003039B8 /* FriendCell.swift */; };
		6468773923E71575003039B8 /* FriendCell.xib in Resources */ = {isa = PBXBuildFile; fileRef = 6468773723E71575003039B8 /* FriendCell.xib */; };
		6468773C23E71663003039B8 /* AttributeCell.swift in Sources */ = {isa = PBXBuildFile; fileRef = 6468773A23E71663003039B8 /* AttributeCell.swift */; };
		6468773D23E71663003039B8 /* AttributeCell.xib in Resources */ = {isa = PBXBuildFile; fileRef = 6468773B23E71663003039B8 /* AttributeCell.xib */; };
		6468774023E71779003039B8 /* EmailCell.swift in Sources */ = {isa = PBXBuildFile; fileRef = 6468773E23E71779003039B8 /* EmailCell.swift */; };
		6468774123E71779003039B8 /* EmailCell.xib in Resources */ = {isa = PBXBuildFile; fileRef = 6468773F23E71779003039B8 /* EmailCell.xib */; };
		6468774323E71AAF003039B8 /* NibRegistrable.swift in Sources */ = {isa = PBXBuildFile; fileRef = 6468774223E71AAF003039B8 /* NibRegistrable.swift */; };
		6468774523E71FDE003039B8 /* JSONFileReader.swift in Sources */ = {isa = PBXBuildFile; fileRef = 6468774423E71FDE003039B8 /* JSONFileReader.swift */; };
		6468774723E72004003039B8 /* String+Path.swift in Sources */ = {isa = PBXBuildFile; fileRef = 6468774623E72004003039B8 /* String+Path.swift */; };
		6468774923E721DA003039B8 /* UserProfile.swift in Sources */ = {isa = PBXBuildFile; fileRef = 6468774823E721DA003039B8 /* UserProfile.swift */; };
		6468774B23E724B0003039B8 /* UserProfile.json in Resources */ = {isa = PBXBuildFile; fileRef = 6468774A23E724B0003039B8 /* UserProfile.json */; };
		6468774D23E72746003039B8 /* ProfileDataSource.swift in Sources */ = {isa = PBXBuildFile; fileRef = 6468774C23E72746003039B8 /* ProfileDataSource.swift */; };
		648665DB23C6BD9D0077D9FB /* AppDelegate.swift in Sources */ = {isa = PBXBuildFile; fileRef = 648665DA23C6BD9D0077D9FB /* AppDelegate.swift */; };
		648665DD23C6BD9D0077D9FB /* SceneDelegate.swift in Sources */ = {isa = PBXBuildFile; fileRef = 648665DC23C6BD9D0077D9FB /* SceneDelegate.swift */; };
		648665E423C6BD9F0077D9FB /* Assets.xcassets in Resources */ = {isa = PBXBuildFile; fileRef = 648665E323C6BD9F0077D9FB /* Assets.xcassets */; };
		648665E723C6BD9F0077D9FB /* LaunchScreen.storyboard in Resources */ = {isa = PBXBuildFile; fileRef = 648665E523C6BD9F0077D9FB /* LaunchScreen.storyboard */; };
		648665F223C6BD9F0077D9FB /* iOSSamplerTests.swift in Sources */ = {isa = PBXBuildFile; fileRef = 648665F123C6BD9F0077D9FB /* iOSSamplerTests.swift */; };
		648665FD23C6BDA00077D9FB /* iOSSamplerUITests.swift in Sources */ = {isa = PBXBuildFile; fileRef = 648665FC23C6BDA00077D9FB /* iOSSamplerUITests.swift */; };
		6486661323C6C5B90077D9FB /* AppDelegate+FirstView.swift in Sources */ = {isa = PBXBuildFile; fileRef = 6486661223C6C5B90077D9FB /* AppDelegate+FirstView.swift */; };
		6486661523C6C6F30077D9FB /* TopTableViewCell.swift in Sources */ = {isa = PBXBuildFile; fileRef = 6486661423C6C6F30077D9FB /* TopTableViewCell.swift */; };
		6486661723C6CABB0077D9FB /* TopListDataSource.swift in Sources */ = {isa = PBXBuildFile; fileRef = 6486661623C6CABB0077D9FB /* TopListDataSource.swift */; };
		6486661923C6D6900077D9FB /* SceneDelegate+FirstView.swift in Sources */ = {isa = PBXBuildFile; fileRef = 6486661823C6D6900077D9FB /* SceneDelegate+FirstView.swift */; };
		6486661C23C6F3700077D9FB /* TopViewController.storyboard in Resources */ = {isa = PBXBuildFile; fileRef = 6486661E23C6F3700077D9FB /* TopViewController.storyboard */; };
		6486662323C6F3C50077D9FB /* Localizable.strings in Resources */ = {isa = PBXBuildFile; fileRef = 6486662523C6F3C50077D9FB /* Localizable.strings */; };
		6486662923C6F44A0077D9FB /* String+Localize.swift in Sources */ = {isa = PBXBuildFile; fileRef = 6486662823C6F44A0077D9FB /* String+Localize.swift */; };
		6486662B23C6FF0A0077D9FB /* UITableViewCell+Identifier.swift in Sources */ = {isa = PBXBuildFile; fileRef = 6486662A23C6FF0A0077D9FB /* UITableViewCell+Identifier.swift */; };
		6486662D23C6FF3C0077D9FB /* UITableView+CellCastable.swift in Sources */ = {isa = PBXBuildFile; fileRef = 6486662C23C6FF3C0077D9FB /* UITableView+CellCastable.swift */; };
		64A1EBE323E6EAAA0059F483 /* UIControl+Tap.swift in Sources */ = {isa = PBXBuildFile; fileRef = 64A1EBE223E6EAAA0059F483 /* UIControl+Tap.swift */; };
		64A1EBE523E6F5320059F483 /* UIView+RecursiveSubviews.swift in Sources */ = {isa = PBXBuildFile; fileRef = 64A1EBE423E6F5320059F483 /* UIView+RecursiveSubviews.swift */; };
		64A1EBE723E6F7410059F483 /* UIViewController+AddNavigationBackEvent.swift in Sources */ = {isa = PBXBuildFile; fileRef = 64A1EBE623E6F7410059F483 /* UIViewController+AddNavigationBackEvent.swift */; };
		6PKOYY81J2VSFQHVX4839LW7 /* NavigationNextViewPresenter.swift in Sources */ = {isa = PBXBuildFile; fileRef = KDH9ZAVGZVXUQZH6SM7469V0 /* NavigationNextViewPresenter.swift */; };
		9QM6WWG5U6Q09RYEVL5OV767 /* NavigationNextViewController.swift in Sources */ = {isa = PBXBuildFile; fileRef = 650EGX9KVEQJ18U6NCS70BGS /* NavigationNextViewController.swift */; };
		BOYJNC63IBX4UBMC03RICYJT /* TopViewController.swift in Sources */ = {isa = PBXBuildFile; fileRef = 1A0RJI4CB2GFCXGUU7RGWW75 /* TopViewController.swift */; };
		CR8Q0V6MSXSFJ0D9WYVHF2OS /* ProfileRouter.swift in Sources */ = {isa = PBXBuildFile; fileRef = 0MGC9K273WJM56QZTPKEW210 /* ProfileRouter.swift */; };
		KFALR9UK7WHNJQMN5YHDHB5J /* TopRouter.swift in Sources */ = {isa = PBXBuildFile; fileRef = MXZE1UXPVKSD5HWW7PDPNOF5 /* TopRouter.swift */; };
		LGLS7FKFMZMIPA3WU56V59QA /* NavigationNextRouter.swift in Sources */ = {isa = PBXBuildFile; fileRef = OK76HSFWPG3RQMTJ4IXGABYA /* NavigationNextRouter.swift */; };
		OUH6I6LAFHQA9HVYGPBT1T9W /* ProfileViewController.swift in Sources */ = {isa = PBXBuildFile; fileRef = GNQHPERRNKI05SZDC4ZM4ZYC /* ProfileViewController.swift */; };
		P7EEJQ0PXIPI1JS0H4RW848V /* TopViewPresenter.swift in Sources */ = {isa = PBXBuildFile; fileRef = DT5JWNI8W0UOHNK3JLPAHPN7 /* TopViewPresenter.swift */; };
		QK9L7BJV624Y67Y0EJK6NW5A /* NavigationNextInteractor.swift in Sources */ = {isa = PBXBuildFile; fileRef = 2QT3BWVMRPJ3MG3BLN6FMNMG /* NavigationNextInteractor.swift */; };
		SLSQ4F02QRUAYO9JG9FVN1ZU /* ProfileInteractor.swift in Sources */ = {isa = PBXBuildFile; fileRef = NYK72B83T8DJDQ36IB6XDWBR /* ProfileInteractor.swift */; };
		TOBK4VCIGNL0ZH0V6SN1J1ME /* NavigationNextViewController.storyboard in Resources */ = {isa = PBXBuildFile; fileRef = UPW9B3360WH0V2E1BFB7ZY03 /* NavigationNextViewController.storyboard */; };
		V09X4UPHJ8WSAGBCEHQB094K /* ProfileViewController.storyboard in Resources */ = {isa = PBXBuildFile; fileRef = 6T00G0H12H7H0YGBPFMONON7 /* ProfileViewController.storyboard */; };
		WXXPU3ZOSMXPRUF5AJ7008FH /* TopInteractor.swift in Sources */ = {isa = PBXBuildFile; fileRef = AESVW2L5D8J5FM6RMWRY86VU /* TopInteractor.swift */; };
/* End PBXBuildFile section */

/* Begin PBXContainerItemProxy section */
		648665EE23C6BD9F0077D9FB /* PBXContainerItemProxy */ = {
			isa = PBXContainerItemProxy;
			containerPortal = 648665CF23C6BD9D0077D9FB /* Project object */;
			proxyType = 1;
			remoteGlobalIDString = 648665D623C6BD9D0077D9FB;
			remoteInfo = iOSSampler;
		};
		648665F923C6BDA00077D9FB /* PBXContainerItemProxy */ = {
			isa = PBXContainerItemProxy;
			containerPortal = 648665CF23C6BD9D0077D9FB /* Project object */;
			proxyType = 1;
			remoteGlobalIDString = 648665D623C6BD9D0077D9FB;
			remoteInfo = iOSSampler;
		};
/* End PBXContainerItemProxy section */

/* Begin PBXFileReference section */
		0MGC9K273WJM56QZTPKEW210 /* ProfileRouter.swift */ = {isa = PBXFileReference; fileEncoding = 4; lastKnownFileType = sourcecode.swift; path = ProfileRouter.swift; sourceTree = "<group>"; };
		1A0RJI4CB2GFCXGUU7RGWW75 /* TopViewController.swift */ = {isa = PBXFileReference; fileEncoding = 4; lastKnownFileType = sourcecode.swift; path = TopViewController.swift; sourceTree = "<group>"; };
		2QT3BWVMRPJ3MG3BLN6FMNMG /* NavigationNextInteractor.swift */ = {isa = PBXFileReference; fileEncoding = 4; lastKnownFileType = sourcecode.swift; path = NavigationNextInteractor.swift; sourceTree = "<group>"; };
		6468772E23E71321003039B8 /* NamePictureCell.swift */ = {isa = PBXFileReference; lastKnownFileType = sourcecode.swift; path = NamePictureCell.swift; sourceTree = "<group>"; };
		6468772F23E71321003039B8 /* NamePictureCell.xib */ = {isa = PBXFileReference; lastKnownFileType = file.xib; path = NamePictureCell.xib; sourceTree = "<group>"; };
		6468773223E71454003039B8 /* AboutCell.swift */ = {isa = PBXFileReference; lastKnownFileType = sourcecode.swift; path = AboutCell.swift; sourceTree = "<group>"; };
		6468773323E71454003039B8 /* AboutCell.xib */ = {isa = PBXFileReference; lastKnownFileType = file.xib; path = AboutCell.xib; sourceTree = "<group>"; };
		6468773623E71575003039B8 /* FriendCell.swift */ = {isa = PBXFileReference; lastKnownFileType = sourcecode.swift; path = FriendCell.swift; sourceTree = "<group>"; };
		6468773723E71575003039B8 /* FriendCell.xib */ = {isa = PBXFileReference; lastKnownFileType = file.xib; path = FriendCell.xib; sourceTree = "<group>"; };
		6468773A23E71663003039B8 /* AttributeCell.swift */ = {isa = PBXFileReference; lastKnownFileType = sourcecode.swift; path = AttributeCell.swift; sourceTree = "<group>"; };
		6468773B23E71663003039B8 /* AttributeCell.xib */ = {isa = PBXFileReference; lastKnownFileType = file.xib; path = AttributeCell.xib; sourceTree = "<group>"; };
		6468773E23E71779003039B8 /* EmailCell.swift */ = {isa = PBXFileReference; lastKnownFileType = sourcecode.swift; path = EmailCell.swift; sourceTree = "<group>"; };
		6468773F23E71779003039B8 /* EmailCell.xib */ = {isa = PBXFileReference; lastKnownFileType = file.xib; path = EmailCell.xib; sourceTree = "<group>"; };
		6468774223E71AAF003039B8 /* NibRegistrable.swift */ = {isa = PBXFileReference; lastKnownFileType = sourcecode.swift; path = NibRegistrable.swift; sourceTree = "<group>"; };
		6468774423E71FDE003039B8 /* JSONFileReader.swift */ = {isa = PBXFileReference; lastKnownFileType = sourcecode.swift; path = JSONFileReader.swift; sourceTree = "<group>"; };
		6468774623E72004003039B8 /* String+Path.swift */ = {isa = PBXFileReference; lastKnownFileType = sourcecode.swift; path = "String+Path.swift"; sourceTree = "<group>"; };
		6468774823E721DA003039B8 /* UserProfile.swift */ = {isa = PBXFileReference; lastKnownFileType = sourcecode.swift; path = UserProfile.swift; sourceTree = "<group>"; };
		6468774A23E724B0003039B8 /* UserProfile.json */ = {isa = PBXFileReference; lastKnownFileType = text.json; path = UserProfile.json; sourceTree = "<group>"; };
		6468774C23E72746003039B8 /* ProfileDataSource.swift */ = {isa = PBXFileReference; lastKnownFileType = sourcecode.swift; path = ProfileDataSource.swift; sourceTree = "<group>"; };
		648665D723C6BD9D0077D9FB /* iOSSampler.app */ = {isa = PBXFileReference; explicitFileType = wrapper.application; includeInIndex = 0; path = iOSSampler.app; sourceTree = BUILT_PRODUCTS_DIR; };
		648665DA23C6BD9D0077D9FB /* AppDelegate.swift */ = {isa = PBXFileReference; lastKnownFileType = sourcecode.swift; path = AppDelegate.swift; sourceTree = "<group>"; };
		648665DC23C6BD9D0077D9FB /* SceneDelegate.swift */ = {isa = PBXFileReference; lastKnownFileType = sourcecode.swift; path = SceneDelegate.swift; sourceTree = "<group>"; };
		648665E323C6BD9F0077D9FB /* Assets.xcassets */ = {isa = PBXFileReference; lastKnownFileType = folder.assetcatalog; path = Assets.xcassets; sourceTree = "<group>"; };
		648665E623C6BD9F0077D9FB /* Base */ = {isa = PBXFileReference; lastKnownFileType = file.storyboard; name = Base; path = Base.lproj/LaunchScreen.storyboard; sourceTree = "<group>"; };
		648665E823C6BD9F0077D9FB /* Info.plist */ = {isa = PBXFileReference; lastKnownFileType = text.plist.xml; path = Info.plist; sourceTree = "<group>"; };
		648665ED23C6BD9F0077D9FB /* iOSSamplerTests.xctest */ = {isa = PBXFileReference; explicitFileType = wrapper.cfbundle; includeInIndex = 0; path = iOSSamplerTests.xctest; sourceTree = BUILT_PRODUCTS_DIR; };
		648665F123C6BD9F0077D9FB /* iOSSamplerTests.swift */ = {isa = PBXFileReference; lastKnownFileType = sourcecode.swift; path = iOSSamplerTests.swift; sourceTree = "<group>"; };
		648665F323C6BD9F0077D9FB /* Info.plist */ = {isa = PBXFileReference; lastKnownFileType = text.plist.xml; path = Info.plist; sourceTree = "<group>"; };
		648665F823C6BDA00077D9FB /* iOSSamplerUITests.xctest */ = {isa = PBXFileReference; explicitFileType = wrapper.cfbundle; includeInIndex = 0; path = iOSSamplerUITests.xctest; sourceTree = BUILT_PRODUCTS_DIR; };
		648665FC23C6BDA00077D9FB /* iOSSamplerUITests.swift */ = {isa = PBXFileReference; lastKnownFileType = sourcecode.swift; path = iOSSamplerUITests.swift; sourceTree = "<group>"; };
		648665FE23C6BDA00077D9FB /* Info.plist */ = {isa = PBXFileReference; lastKnownFileType = text.plist.xml; path = Info.plist; sourceTree = "<group>"; };
		6486661223C6C5B90077D9FB /* AppDelegate+FirstView.swift */ = {isa = PBXFileReference; lastKnownFileType = sourcecode.swift; path = "AppDelegate+FirstView.swift"; sourceTree = "<group>"; };
		6486661423C6C6F30077D9FB /* TopTableViewCell.swift */ = {isa = PBXFileReference; lastKnownFileType = sourcecode.swift; path = TopTableViewCell.swift; sourceTree = "<group>"; };
		6486661623C6CABB0077D9FB /* TopListDataSource.swift */ = {isa = PBXFileReference; lastKnownFileType = sourcecode.swift; path = TopListDataSource.swift; sourceTree = "<group>"; };
		6486661823C6D6900077D9FB /* SceneDelegate+FirstView.swift */ = {isa = PBXFileReference; lastKnownFileType = sourcecode.swift; path = "SceneDelegate+FirstView.swift"; sourceTree = "<group>"; };
		6486661A23C6F34B0077D9FB /* ja */ = {isa = PBXFileReference; lastKnownFileType = text.plist.strings; name = ja; path = ja.lproj/LaunchScreen.strings; sourceTree = "<group>"; };
		6486661D23C6F3700077D9FB /* Base */ = {isa = PBXFileReference; lastKnownFileType = file.storyboard; name = Base; path = Base.lproj/TopViewController.storyboard; sourceTree = "<group>"; };
		6486662023C6F3780077D9FB /* ja */ = {isa = PBXFileReference; lastKnownFileType = text.plist.strings; name = ja; path = ja.lproj/TopViewController.strings; sourceTree = "<group>"; };
		6486662423C6F3C50077D9FB /* en */ = {isa = PBXFileReference; lastKnownFileType = text.plist.strings; name = en; path = en.lproj/Localizable.strings; sourceTree = "<group>"; };
		6486662623C6F3C70077D9FB /* ja */ = {isa = PBXFileReference; lastKnownFileType = text.plist.strings; name = ja; path = ja.lproj/Localizable.strings; sourceTree = "<group>"; };
		6486662823C6F44A0077D9FB /* String+Localize.swift */ = {isa = PBXFileReference; lastKnownFileType = sourcecode.swift; path = "String+Localize.swift"; sourceTree = "<group>"; };
		6486662A23C6FF0A0077D9FB /* UITableViewCell+Identifier.swift */ = {isa = PBXFileReference; lastKnownFileType = sourcecode.swift; path = "UITableViewCell+Identifier.swift"; sourceTree = "<group>"; };
		6486662C23C6FF3C0077D9FB /* UITableView+CellCastable.swift */ = {isa = PBXFileReference; lastKnownFileType = sourcecode.swift; path = "UITableView+CellCastable.swift"; sourceTree = "<group>"; };
		64A1EBE223E6EAAA0059F483 /* UIControl+Tap.swift */ = {isa = PBXFileReference; lastKnownFileType = sourcecode.swift; path = "UIControl+Tap.swift"; sourceTree = "<group>"; };
		64A1EBE423E6F5320059F483 /* UIView+RecursiveSubviews.swift */ = {isa = PBXFileReference; lastKnownFileType = sourcecode.swift; path = "UIView+RecursiveSubviews.swift"; sourceTree = "<group>"; };
		64A1EBE623E6F7410059F483 /* UIViewController+AddNavigationBackEvent.swift */ = {isa = PBXFileReference; lastKnownFileType = sourcecode.swift; path = "UIViewController+AddNavigationBackEvent.swift"; sourceTree = "<group>"; };
		650EGX9KVEQJ18U6NCS70BGS /* NavigationNextViewController.swift */ = {isa = PBXFileReference; fileEncoding = 4; lastKnownFileType = sourcecode.swift; path = NavigationNextViewController.swift; sourceTree = "<group>"; };
		6T00G0H12H7H0YGBPFMONON7 /* ProfileViewController.storyboard */ = {isa = PBXFileReference; fileEncoding = 4; lastKnownFileType = file.storyboard; path = ProfileViewController.storyboard; sourceTree = "<group>"; };
		AESVW2L5D8J5FM6RMWRY86VU /* TopInteractor.swift */ = {isa = PBXFileReference; fileEncoding = 4; lastKnownFileType = sourcecode.swift; path = TopInteractor.swift; sourceTree = "<group>"; };
		DT5JWNI8W0UOHNK3JLPAHPN7 /* TopViewPresenter.swift */ = {isa = PBXFileReference; fileEncoding = 4; lastKnownFileType = sourcecode.swift; path = TopViewPresenter.swift; sourceTree = "<group>"; };
		GNQHPERRNKI05SZDC4ZM4ZYC /* ProfileViewController.swift */ = {isa = PBXFileReference; fileEncoding = 4; lastKnownFileType = sourcecode.swift; path = ProfileViewController.swift; sourceTree = "<group>"; };
		KDH9ZAVGZVXUQZH6SM7469V0 /* NavigationNextViewPresenter.swift */ = {isa = PBXFileReference; fileEncoding = 4; lastKnownFileType = sourcecode.swift; path = NavigationNextViewPresenter.swift; sourceTree = "<group>"; };
		MXZE1UXPVKSD5HWW7PDPNOF5 /* TopRouter.swift */ = {isa = PBXFileReference; fileEncoding = 4; lastKnownFileType = sourcecode.swift; path = TopRouter.swift; sourceTree = "<group>"; };
		NYK72B83T8DJDQ36IB6XDWBR /* ProfileInteractor.swift */ = {isa = PBXFileReference; fileEncoding = 4; lastKnownFileType = sourcecode.swift; path = ProfileInteractor.swift; sourceTree = "<group>"; };
		OK76HSFWPG3RQMTJ4IXGABYA /* NavigationNextRouter.swift */ = {isa = PBXFileReference; fileEncoding = 4; lastKnownFileType = sourcecode.swift; path = NavigationNextRouter.swift; sourceTree = "<group>"; };
		UPW9B3360WH0V2E1BFB7ZY03 /* NavigationNextViewController.storyboard */ = {isa = PBXFileReference; fileEncoding = 4; lastKnownFileType = file.storyboard; path = NavigationNextViewController.storyboard; sourceTree = "<group>"; };
		XLRYH45QOB74Q26WZDUAV4IR /* ProfileViewPresenter.swift */ = {isa = PBXFileReference; fileEncoding = 4; lastKnownFileType = sourcecode.swift; path = ProfileViewPresenter.swift; sourceTree = "<group>"; };
/* End PBXFileReference section */

/* Begin PBXFrameworksBuildPhase section */
		648665D423C6BD9D0077D9FB /* Frameworks */ = {
			isa = PBXFrameworksBuildPhase;
			buildActionMask = 2147483647;
			files = (
			);
			runOnlyForDeploymentPostprocessing = 0;
		};
		648665EA23C6BD9F0077D9FB /* Frameworks */ = {
			isa = PBXFrameworksBuildPhase;
			buildActionMask = 2147483647;
			files = (
			);
			runOnlyForDeploymentPostprocessing = 0;
		};
		648665F523C6BDA00077D9FB /* Frameworks */ = {
			isa = PBXFrameworksBuildPhase;
			buildActionMask = 2147483647;
			files = (
			);
			runOnlyForDeploymentPostprocessing = 0;
		};
/* End PBXFrameworksBuildPhase section */

/* Begin PBXGroup section */
		1D91OHW5OMUDYIO36RJNFGC1 /* Interactor */ = {
			isa = PBXGroup;
			children = (
				AESVW2L5D8J5FM6RMWRY86VU /* TopInteractor.swift */,
			);
			path = Interactor;
			sourceTree = "<group>";
		};
		3WOBGDFUI400UBSN9I1KFCL1 /* View */ = {
			isa = PBXGroup;
			children = (
				6T00G0H12H7H0YGBPFMONON7 /* ProfileViewController.storyboard */,
				GNQHPERRNKI05SZDC4ZM4ZYC /* ProfileViewController.swift */,
				6468772E23E71321003039B8 /* NamePictureCell.swift */,
				6468772F23E71321003039B8 /* NamePictureCell.xib */,
				6468773223E71454003039B8 /* AboutCell.swift */,
				6468773323E71454003039B8 /* AboutCell.xib */,
				6468773623E71575003039B8 /* FriendCell.swift */,
				6468773723E71575003039B8 /* FriendCell.xib */,
				6468773A23E71663003039B8 /* AttributeCell.swift */,
				6468773B23E71663003039B8 /* AttributeCell.xib */,
				6468773E23E71779003039B8 /* EmailCell.swift */,
				6468773F23E71779003039B8 /* EmailCell.xib */,
				6468774C23E72746003039B8 /* ProfileDataSource.swift */,
			);
			path = View;
			sourceTree = "<group>";
		};
		5A8E682ZULPIOA04ZECVMCD5 /* NavigationNext */ = {
			isa = PBXGroup;
			children = (
				RA0S4LSK4YRHOHXSXH6I3KAK /* Presenter */,
				H7NMIH10L1PMCFHU44YR0SD3 /* View */,
				KOZEHO82Q2GDDJOKULVQ5BUS /* Interactor */,
				K7XEE8RMUVWY58MRI9BO3NBZ /* Router */,
			);
			path = NavigationNext;
			sourceTree = "<group>";
		};
		648665CE23C6BD9D0077D9FB = {
			isa = PBXGroup;
			children = (
				648665D923C6BD9D0077D9FB /* iOSSampler */,
				648665F023C6BD9F0077D9FB /* iOSSamplerTests */,
				648665FB23C6BDA00077D9FB /* iOSSamplerUITests */,
				648665D823C6BD9D0077D9FB /* Products */,
			);
			sourceTree = "<group>";
		};
		648665D823C6BD9D0077D9FB /* Products */ = {
			isa = PBXGroup;
			children = (
				648665D723C6BD9D0077D9FB /* iOSSampler.app */,
				648665ED23C6BD9F0077D9FB /* iOSSamplerTests.xctest */,
				648665F823C6BDA00077D9FB /* iOSSamplerUITests.xctest */,
			);
			name = Products;
			sourceTree = "<group>";
		};
		648665D923C6BD9D0077D9FB /* iOSSampler */ = {
			isa = PBXGroup;
			children = (
				6486660A23C6C1550077D9FB /* Application */,
				6486660B23C6C2730077D9FB /* Data */,
				6486660C23C6C2790077D9FB /* Extensions */,
				6486660D23C6C2880077D9FB /* Modules */,
				6486660E23C6C2990077D9FB /* Resources */,
				6486660F23C6C2A40077D9FB /* Utilities */,
			);
			path = iOSSampler;
			sourceTree = "<group>";
		};
		648665F023C6BD9F0077D9FB /* iOSSamplerTests */ = {
			isa = PBXGroup;
			children = (
				648665F123C6BD9F0077D9FB /* iOSSamplerTests.swift */,
				648665F323C6BD9F0077D9FB /* Info.plist */,
			);
			path = iOSSamplerTests;
			sourceTree = "<group>";
		};
		648665FB23C6BDA00077D9FB /* iOSSamplerUITests */ = {
			isa = PBXGroup;
			children = (
				648665FC23C6BDA00077D9FB /* iOSSamplerUITests.swift */,
				648665FE23C6BDA00077D9FB /* Info.plist */,
			);
			path = iOSSamplerUITests;
			sourceTree = "<group>";
		};
		6486660A23C6C1550077D9FB /* Application */ = {
			isa = PBXGroup;
			children = (
				648665DA23C6BD9D0077D9FB /* AppDelegate.swift */,
				648665DC23C6BD9D0077D9FB /* SceneDelegate.swift */,
				648665E823C6BD9F0077D9FB /* Info.plist */,
				648665E523C6BD9F0077D9FB /* LaunchScreen.storyboard */,
			);
			path = Application;
			sourceTree = "<group>";
		};
		6486660B23C6C2730077D9FB /* Data */ = {
			isa = PBXGroup;
			children = (
				6468774823E721DA003039B8 /* UserProfile.swift */,
				6468774A23E724B0003039B8 /* UserProfile.json */,
			);
			path = Data;
			sourceTree = "<group>";
		};
		6486660C23C6C2790077D9FB /* Extensions */ = {
			isa = PBXGroup;
			children = (
				6486662723C6F4330077D9FB /* Foundation */,
				6486661123C6C59E0077D9FB /* UIKit */,
			);
			path = Extensions;
			sourceTree = "<group>";
		};
		6486660D23C6C2880077D9FB /* Modules */ = {
			isa = PBXGroup;
			children = (
				9ULYE4PM5G48SL1H0JV6NDKJ /* Top */,
				5A8E682ZULPIOA04ZECVMCD5 /* NavigationNext */,
				QPL278OLEP4E4PE6IBZWNRDX /* Profile */,
			);
			path = Modules;
			sourceTree = "<group>";
		};
		6486660E23C6C2990077D9FB /* Resources */ = {
			isa = PBXGroup;
			children = (
				648665E323C6BD9F0077D9FB /* Assets.xcassets */,
				6486662523C6F3C50077D9FB /* Localizable.strings */,
			);
			path = Resources;
			sourceTree = "<group>";
		};
		6486660F23C6C2A40077D9FB /* Utilities */ = {
			isa = PBXGroup;
			children = (
				6468774423E71FDE003039B8 /* JSONFileReader.swift */,
			);
			path = Utilities;
			sourceTree = "<group>";
		};
		6486661123C6C59E0077D9FB /* UIKit */ = {
			isa = PBXGroup;
			children = (
				6486661223C6C5B90077D9FB /* AppDelegate+FirstView.swift */,
				6486661823C6D6900077D9FB /* SceneDelegate+FirstView.swift */,
				64A1EBE223E6EAAA0059F483 /* UIControl+Tap.swift */,
				6486662C23C6FF3C0077D9FB /* UITableView+CellCastable.swift */,
				6486662A23C6FF0A0077D9FB /* UITableViewCell+Identifier.swift */,
				64A1EBE423E6F5320059F483 /* UIView+RecursiveSubviews.swift */,
				64A1EBE623E6F7410059F483 /* UIViewController+AddNavigationBackEvent.swift */,
				6468774223E71AAF003039B8 /* NibRegistrable.swift */,
			);
			path = UIKit;
			sourceTree = "<group>";
		};
		6486662723C6F4330077D9FB /* Foundation */ = {
			isa = PBXGroup;
			children = (
				6486662823C6F44A0077D9FB /* String+Localize.swift */,
				6468774623E72004003039B8 /* String+Path.swift */,
			);
			path = Foundation;
			sourceTree = "<group>";
		};
		7LIUHZBVP9MEBSDWP6R6G7SQ /* Presenter */ = {
			isa = PBXGroup;
			children = (
				XLRYH45QOB74Q26WZDUAV4IR /* ProfileViewPresenter.swift */,
			);
			path = Presenter;
			sourceTree = "<group>";
		};
		9ULYE4PM5G48SL1H0JV6NDKJ /* Top */ = {
			isa = PBXGroup;
			children = (
				M6AUYLDY4DZN5CLSWFYXMJFX /* Presenter */,
				VF263MA69OKIVMJJWMIL4V8F /* View */,
				1D91OHW5OMUDYIO36RJNFGC1 /* Interactor */,
				LN1Y86BTLNRVTLR9JTC1F4W5 /* Router */,
			);
			path = Top;
			sourceTree = "<group>";
		};
		CAT94X69JY0SLS4QW1Y598HC /* Interactor */ = {
			isa = PBXGroup;
			children = (
				NYK72B83T8DJDQ36IB6XDWBR /* ProfileInteractor.swift */,
			);
			path = Interactor;
			sourceTree = "<group>";
		};
		EGUIOS925JFBFEOJIQMMQVH3 /* Router */ = {
			isa = PBXGroup;
			children = (
				0MGC9K273WJM56QZTPKEW210 /* ProfileRouter.swift */,
			);
			path = Router;
			sourceTree = "<group>";
		};
		H7NMIH10L1PMCFHU44YR0SD3 /* View */ = {
			isa = PBXGroup;
			children = (
				UPW9B3360WH0V2E1BFB7ZY03 /* NavigationNextViewController.storyboard */,
				650EGX9KVEQJ18U6NCS70BGS /* NavigationNextViewController.swift */,
			);
			path = View;
			sourceTree = "<group>";
		};
		K7XEE8RMUVWY58MRI9BO3NBZ /* Router */ = {
			isa = PBXGroup;
			children = (
				OK76HSFWPG3RQMTJ4IXGABYA /* NavigationNextRouter.swift */,
			);
			path = Router;
			sourceTree = "<group>";
		};
		KOZEHO82Q2GDDJOKULVQ5BUS /* Interactor */ = {
			isa = PBXGroup;
			children = (
				2QT3BWVMRPJ3MG3BLN6FMNMG /* NavigationNextInteractor.swift */,
			);
			path = Interactor;
			sourceTree = "<group>";
		};
		LN1Y86BTLNRVTLR9JTC1F4W5 /* Router */ = {
			isa = PBXGroup;
			children = (
				MXZE1UXPVKSD5HWW7PDPNOF5 /* TopRouter.swift */,
			);
			path = Router;
			sourceTree = "<group>";
		};
		M6AUYLDY4DZN5CLSWFYXMJFX /* Presenter */ = {
			isa = PBXGroup;
			children = (
				DT5JWNI8W0UOHNK3JLPAHPN7 /* TopViewPresenter.swift */,
			);
			path = Presenter;
			sourceTree = "<group>";
		};
		QPL278OLEP4E4PE6IBZWNRDX /* Profile */ = {
			isa = PBXGroup;
			children = (
				7LIUHZBVP9MEBSDWP6R6G7SQ /* Presenter */,
				3WOBGDFUI400UBSN9I1KFCL1 /* View */,
				CAT94X69JY0SLS4QW1Y598HC /* Interactor */,
				EGUIOS925JFBFEOJIQMMQVH3 /* Router */,
			);
			path = Profile;
			sourceTree = "<group>";
		};
		RA0S4LSK4YRHOHXSXH6I3KAK /* Presenter */ = {
			isa = PBXGroup;
			children = (
				KDH9ZAVGZVXUQZH6SM7469V0 /* NavigationNextViewPresenter.swift */,
			);
			path = Presenter;
			sourceTree = "<group>";
		};
		VF263MA69OKIVMJJWMIL4V8F /* View */ = {
			isa = PBXGroup;
			children = (
				6486661423C6C6F30077D9FB /* TopTableViewCell.swift */,
				6486661E23C6F3700077D9FB /* TopViewController.storyboard */,
				1A0RJI4CB2GFCXGUU7RGWW75 /* TopViewController.swift */,
				6486661623C6CABB0077D9FB /* TopListDataSource.swift */,
			);
			path = View;
			sourceTree = "<group>";
		};
/* End PBXGroup section */

/* Begin PBXNativeTarget section */
		648665D623C6BD9D0077D9FB /* iOSSampler */ = {
			isa = PBXNativeTarget;
			buildConfigurationList = 6486660123C6BDA00077D9FB /* Build configuration list for PBXNativeTarget "iOSSampler" */;
			buildPhases = (
				648665D323C6BD9D0077D9FB /* Sources */,
				648665D423C6BD9D0077D9FB /* Frameworks */,
				648665D523C6BD9D0077D9FB /* Resources */,
			);
			buildRules = (
			);
			dependencies = (
			);
			name = iOSSampler;
			productName = iOSSampler;
			productReference = 648665D723C6BD9D0077D9FB /* iOSSampler.app */;
			productType = "com.apple.product-type.application";
		};
		648665EC23C6BD9F0077D9FB /* iOSSamplerTests */ = {
			isa = PBXNativeTarget;
			buildConfigurationList = 6486660423C6BDA00077D9FB /* Build configuration list for PBXNativeTarget "iOSSamplerTests" */;
			buildPhases = (
				648665E923C6BD9F0077D9FB /* Sources */,
				648665EA23C6BD9F0077D9FB /* Frameworks */,
				648665EB23C6BD9F0077D9FB /* Resources */,
			);
			buildRules = (
			);
			dependencies = (
				648665EF23C6BD9F0077D9FB /* PBXTargetDependency */,
			);
			name = iOSSamplerTests;
			productName = iOSSamplerTests;
			productReference = 648665ED23C6BD9F0077D9FB /* iOSSamplerTests.xctest */;
			productType = "com.apple.product-type.bundle.unit-test";
		};
		648665F723C6BDA00077D9FB /* iOSSamplerUITests */ = {
			isa = PBXNativeTarget;
			buildConfigurationList = 6486660723C6BDA00077D9FB /* Build configuration list for PBXNativeTarget "iOSSamplerUITests" */;
			buildPhases = (
				648665F423C6BDA00077D9FB /* Sources */,
				648665F523C6BDA00077D9FB /* Frameworks */,
				648665F623C6BDA00077D9FB /* Resources */,
			);
			buildRules = (
			);
			dependencies = (
				648665FA23C6BDA00077D9FB /* PBXTargetDependency */,
			);
			name = iOSSamplerUITests;
			productName = iOSSamplerUITests;
			productReference = 648665F823C6BDA00077D9FB /* iOSSamplerUITests.xctest */;
			productType = "com.apple.product-type.bundle.ui-testing";
		};
/* End PBXNativeTarget section */

/* Begin PBXProject section */
		648665CF23C6BD9D0077D9FB /* Project object */ = {
			isa = PBXProject;
			attributes = {
				LastSwiftUpdateCheck = 1120;
				LastUpgradeCheck = 1120;
				ORGANIZATIONNAME = YukiOkudera;
				TargetAttributes = {
					648665D623C6BD9D0077D9FB = {
						CreatedOnToolsVersion = 11.2.1;
					};
					648665EC23C6BD9F0077D9FB = {
						CreatedOnToolsVersion = 11.2.1;
						TestTargetID = 648665D623C6BD9D0077D9FB;
					};
					648665F723C6BDA00077D9FB = {
						CreatedOnToolsVersion = 11.2.1;
						TestTargetID = 648665D623C6BD9D0077D9FB;
					};
				};
			};
			buildConfigurationList = 648665D223C6BD9D0077D9FB /* Build configuration list for PBXProject "iOSSampler" */;
			compatibilityVersion = "Xcode 9.3";
			developmentRegion = en;
			hasScannedForEncodings = 0;
			knownRegions = (
				en,
				Base,
				ja,
			);
			mainGroup = 648665CE23C6BD9D0077D9FB;
			productRefGroup = 648665D823C6BD9D0077D9FB /* Products */;
			projectDirPath = "";
			projectRoot = "";
			targets = (
				648665D623C6BD9D0077D9FB /* iOSSampler */,
				648665EC23C6BD9F0077D9FB /* iOSSamplerTests */,
				648665F723C6BDA00077D9FB /* iOSSamplerUITests */,
			);
		};
/* End PBXProject section */

/* Begin PBXResourcesBuildPhase section */
		648665D523C6BD9D0077D9FB /* Resources */ = {
			isa = PBXResourcesBuildPhase;
			buildActionMask = 2147483647;
			files = (
				6468774B23E724B0003039B8 /* UserProfile.json in Resources */,
				6468773D23E71663003039B8 /* AttributeCell.xib in Resources */,
				6486662323C6F3C50077D9FB /* Localizable.strings in Resources */,
				6468773523E71454003039B8 /* AboutCell.xib in Resources */,
				648665E723C6BD9F0077D9FB /* LaunchScreen.storyboard in Resources */,
				6468774123E71779003039B8 /* EmailCell.xib in Resources */,
				648665E423C6BD9F0077D9FB /* Assets.xcassets in Resources */,
				6468773923E71575003039B8 /* FriendCell.xib in Resources */,
				6486661C23C6F3700077D9FB /* TopViewController.storyboard in Resources */,
				TOBK4VCIGNL0ZH0V6SN1J1ME /* NavigationNextViewController.storyboard in Resources */,
				V09X4UPHJ8WSAGBCEHQB094K /* ProfileViewController.storyboard in Resources */,
				6468773123E71321003039B8 /* NamePictureCell.xib in Resources */,
			);
			runOnlyForDeploymentPostprocessing = 0;
		};
		648665EB23C6BD9F0077D9FB /* Resources */ = {
			isa = PBXResourcesBuildPhase;
			buildActionMask = 2147483647;
			files = (
			);
			runOnlyForDeploymentPostprocessing = 0;
		};
		648665F623C6BDA00077D9FB /* Resources */ = {
			isa = PBXResourcesBuildPhase;
			buildActionMask = 2147483647;
			files = (
			);
			runOnlyForDeploymentPostprocessing = 0;
		};
/* End PBXResourcesBuildPhase section */

/* Begin PBXSourcesBuildPhase section */
		648665D323C6BD9D0077D9FB /* Sources */ = {
			isa = PBXSourcesBuildPhase;
			buildActionMask = 2147483647;
			files = (
				6486661323C6C5B90077D9FB /* AppDelegate+FirstView.swift in Sources */,
				6486662B23C6FF0A0077D9FB /* UITableViewCell+Identifier.swift in Sources */,
				6486661923C6D6900077D9FB /* SceneDelegate+FirstView.swift in Sources */,
				6486661723C6CABB0077D9FB /* TopListDataSource.swift in Sources */,
				648665DB23C6BD9D0077D9FB /* AppDelegate.swift in Sources */,
				6468774923E721DA003039B8 /* UserProfile.swift in Sources */,
				6486662923C6F44A0077D9FB /* String+Localize.swift in Sources */,
				648665DD23C6BD9D0077D9FB /* SceneDelegate.swift in Sources */,
				P7EEJQ0PXIPI1JS0H4RW848V /* TopViewPresenter.swift in Sources */,
				64A1EBE523E6F5320059F483 /* UIView+RecursiveSubviews.swift in Sources */,
				6468773423E71454003039B8 /* AboutCell.swift in Sources */,
				BOYJNC63IBX4UBMC03RICYJT /* TopViewController.swift in Sources */,
				6468774D23E72746003039B8 /* ProfileDataSource.swift in Sources */,
				WXXPU3ZOSMXPRUF5AJ7008FH /* TopInteractor.swift in Sources */,
				KFALR9UK7WHNJQMN5YHDHB5J /* TopRouter.swift in Sources */,
				6468773823E71575003039B8 /* FriendCell.swift in Sources */,
				64A1EBE723E6F7410059F483 /* UIViewController+AddNavigationBackEvent.swift in Sources */,
				6468773023E71321003039B8 /* NamePictureCell.swift in Sources */,
				6486662D23C6FF3C0077D9FB /* UITableView+CellCastable.swift in Sources */,
				6486661523C6C6F30077D9FB /* TopTableViewCell.swift in Sources */,
				64A1EBE323E6EAAA0059F483 /* UIControl+Tap.swift in Sources */,
				6PKOYY81J2VSFQHVX4839LW7 /* NavigationNextViewPresenter.swift in Sources */,
				6468774523E71FDE003039B8 /* JSONFileReader.swift in Sources */,
				9QM6WWG5U6Q09RYEVL5OV767 /* NavigationNextViewController.swift in Sources */,
				QK9L7BJV624Y67Y0EJK6NW5A /* NavigationNextInteractor.swift in Sources */,
				LGLS7FKFMZMIPA3WU56V59QA /* NavigationNextRouter.swift in Sources */,
				6468774023E71779003039B8 /* EmailCell.swift in Sources */,
				6468774323E71AAF003039B8 /* NibRegistrable.swift in Sources */,
				3SPLURR6IRC8DVGP0O1TJVI6 /* ProfileViewPresenter.swift in Sources */,
				6468774723E72004003039B8 /* String+Path.swift in Sources */,
				OUH6I6LAFHQA9HVYGPBT1T9W /* ProfileViewController.swift in Sources */,
				SLSQ4F02QRUAYO9JG9FVN1ZU /* ProfileInteractor.swift in Sources */,
				6468773C23E71663003039B8 /* AttributeCell.swift in Sources */,
				CR8Q0V6MSXSFJ0D9WYVHF2OS /* ProfileRouter.swift in Sources */,
			);
			runOnlyForDeploymentPostprocessing = 0;
		};
		648665E923C6BD9F0077D9FB /* Sources */ = {
			isa = PBXSourcesBuildPhase;
			buildActionMask = 2147483647;
			files = (
				648665F223C6BD9F0077D9FB /* iOSSamplerTests.swift in Sources */,
			);
			runOnlyForDeploymentPostprocessing = 0;
		};
		648665F423C6BDA00077D9FB /* Sources */ = {
			isa = PBXSourcesBuildPhase;
			buildActionMask = 2147483647;
			files = (
				648665FD23C6BDA00077D9FB /* iOSSamplerUITests.swift in Sources */,
			);
			runOnlyForDeploymentPostprocessing = 0;
		};
/* End PBXSourcesBuildPhase section */

/* Begin PBXTargetDependency section */
		648665EF23C6BD9F0077D9FB /* PBXTargetDependency */ = {
			isa = PBXTargetDependency;
			target = 648665D623C6BD9D0077D9FB /* iOSSampler */;
			targetProxy = 648665EE23C6BD9F0077D9FB /* PBXContainerItemProxy */;
		};
		648665FA23C6BDA00077D9FB /* PBXTargetDependency */ = {
			isa = PBXTargetDependency;
			target = 648665D623C6BD9D0077D9FB /* iOSSampler */;
			targetProxy = 648665F923C6BDA00077D9FB /* PBXContainerItemProxy */;
		};
/* End PBXTargetDependency section */

/* Begin PBXVariantGroup section */
		648665E523C6BD9F0077D9FB /* LaunchScreen.storyboard */ = {
			isa = PBXVariantGroup;
			children = (
				648665E623C6BD9F0077D9FB /* Base */,
				6486661A23C6F34B0077D9FB /* ja */,
			);
			name = LaunchScreen.storyboard;
			sourceTree = "<group>";
		};
		6486661E23C6F3700077D9FB /* TopViewController.storyboard */ = {
			isa = PBXVariantGroup;
			children = (
				6486661D23C6F3700077D9FB /* Base */,
				6486662023C6F3780077D9FB /* ja */,
			);
			name = TopViewController.storyboard;
			sourceTree = "<group>";
		};
		6486662523C6F3C50077D9FB /* Localizable.strings */ = {
			isa = PBXVariantGroup;
			children = (
				6486662423C6F3C50077D9FB /* en */,
				6486662623C6F3C70077D9FB /* ja */,
			);
			name = Localizable.strings;
			sourceTree = "<group>";
		};
/* End PBXVariantGroup section */

/* Begin XCBuildConfiguration section */
		648665FF23C6BDA00077D9FB /* Debug */ = {
			isa = XCBuildConfiguration;
			buildSettings = {
				ALWAYS_SEARCH_USER_PATHS = NO;
				CLANG_ANALYZER_LOCALIZABILITY_NONLOCALIZED = YES;
				CLANG_ANALYZER_NONNULL = YES;
				CLANG_ANALYZER_NUMBER_OBJECT_CONVERSION = YES_AGGRESSIVE;
				CLANG_CXX_LANGUAGE_STANDARD = "gnu++14";
				CLANG_CXX_LIBRARY = "libc++";
				CLANG_ENABLE_MODULES = YES;
				CLANG_ENABLE_OBJC_ARC = YES;
				CLANG_ENABLE_OBJC_WEAK = YES;
				CLANG_WARN_BLOCK_CAPTURE_AUTORELEASING = YES;
				CLANG_WARN_BOOL_CONVERSION = YES;
				CLANG_WARN_COMMA = YES;
				CLANG_WARN_CONSTANT_CONVERSION = YES;
				CLANG_WARN_DEPRECATED_OBJC_IMPLEMENTATIONS = YES;
				CLANG_WARN_DIRECT_OBJC_ISA_USAGE = YES_ERROR;
				CLANG_WARN_DOCUMENTATION_COMMENTS = YES;
				CLANG_WARN_EMPTY_BODY = YES;
				CLANG_WARN_ENUM_CONVERSION = YES;
				CLANG_WARN_INFINITE_RECURSION = YES;
				CLANG_WARN_INT_CONVERSION = YES;
				CLANG_WARN_NON_LITERAL_NULL_CONVERSION = YES;
				CLANG_WARN_OBJC_IMPLICIT_RETAIN_SELF = YES;
				CLANG_WARN_OBJC_LITERAL_CONVERSION = YES;
				CLANG_WARN_OBJC_ROOT_CLASS = YES_ERROR;
				CLANG_WARN_RANGE_LOOP_ANALYSIS = YES;
				CLANG_WARN_STRICT_PROTOTYPES = YES;
				CLANG_WARN_SUSPICIOUS_MOVE = YES;
				CLANG_WARN_UNGUARDED_AVAILABILITY = YES_AGGRESSIVE;
				CLANG_WARN_UNREACHABLE_CODE = YES;
				CLANG_WARN__DUPLICATE_METHOD_MATCH = YES;
				COPY_PHASE_STRIP = NO;
				DEBUG_INFORMATION_FORMAT = dwarf;
				ENABLE_STRICT_OBJC_MSGSEND = YES;
				ENABLE_TESTABILITY = YES;
				GCC_C_LANGUAGE_STANDARD = gnu11;
				GCC_DYNAMIC_NO_PIC = NO;
				GCC_NO_COMMON_BLOCKS = YES;
				GCC_OPTIMIZATION_LEVEL = 0;
				GCC_PREPROCESSOR_DEFINITIONS = (
					"DEBUG=1",
					"$(inherited)",
				);
				GCC_WARN_64_TO_32_BIT_CONVERSION = YES;
				GCC_WARN_ABOUT_RETURN_TYPE = YES_ERROR;
				GCC_WARN_UNDECLARED_SELECTOR = YES;
				GCC_WARN_UNINITIALIZED_AUTOS = YES_AGGRESSIVE;
				GCC_WARN_UNUSED_FUNCTION = YES;
				GCC_WARN_UNUSED_VARIABLE = YES;
				IPHONEOS_DEPLOYMENT_TARGET = 12.0;
				MTL_ENABLE_DEBUG_INFO = INCLUDE_SOURCE;
				MTL_FAST_MATH = YES;
				ONLY_ACTIVE_ARCH = YES;
				SDKROOT = iphoneos;
				SWIFT_ACTIVE_COMPILATION_CONDITIONS = DEBUG;
				SWIFT_OPTIMIZATION_LEVEL = "-Onone";
			};
			name = Debug;
		};
		6486660023C6BDA00077D9FB /* Release */ = {
			isa = XCBuildConfiguration;
			buildSettings = {
				ALWAYS_SEARCH_USER_PATHS = NO;
				CLANG_ANALYZER_LOCALIZABILITY_NONLOCALIZED = YES;
				CLANG_ANALYZER_NONNULL = YES;
				CLANG_ANALYZER_NUMBER_OBJECT_CONVERSION = YES_AGGRESSIVE;
				CLANG_CXX_LANGUAGE_STANDARD = "gnu++14";
				CLANG_CXX_LIBRARY = "libc++";
				CLANG_ENABLE_MODULES = YES;
				CLANG_ENABLE_OBJC_ARC = YES;
				CLANG_ENABLE_OBJC_WEAK = YES;
				CLANG_WARN_BLOCK_CAPTURE_AUTORELEASING = YES;
				CLANG_WARN_BOOL_CONVERSION = YES;
				CLANG_WARN_COMMA = YES;
				CLANG_WARN_CONSTANT_CONVERSION = YES;
				CLANG_WARN_DEPRECATED_OBJC_IMPLEMENTATIONS = YES;
				CLANG_WARN_DIRECT_OBJC_ISA_USAGE = YES_ERROR;
				CLANG_WARN_DOCUMENTATION_COMMENTS = YES;
				CLANG_WARN_EMPTY_BODY = YES;
				CLANG_WARN_ENUM_CONVERSION = YES;
				CLANG_WARN_INFINITE_RECURSION = YES;
				CLANG_WARN_INT_CONVERSION = YES;
				CLANG_WARN_NON_LITERAL_NULL_CONVERSION = YES;
				CLANG_WARN_OBJC_IMPLICIT_RETAIN_SELF = YES;
				CLANG_WARN_OBJC_LITERAL_CONVERSION = YES;
				CLANG_WARN_OBJC_ROOT_CLASS = YES_ERROR;
				CLANG_WARN_RANGE_LOOP_ANALYSIS = YES;
				CLANG_WARN_STRICT_PROTOTYPES = YES;
				CLANG_WARN_SUSPICIOUS_MOVE = YES;
				CLANG_WARN_UNGUARDED_AVAILABILITY = YES_AGGRESSIVE;
				CLANG_WARN_UNREACHABLE_CODE = YES;
				CLANG_WARN__DUPLICATE_METHOD_MATCH = YES;
				COPY_PHASE_STRIP = NO;
				DEBUG_INFORMATION_FORMAT = "dwarf-with-dsym";
				ENABLE_NS_ASSERTIONS = NO;
				ENABLE_STRICT_OBJC_MSGSEND = YES;
				GCC_C_LANGUAGE_STANDARD = gnu11;
				GCC_NO_COMMON_BLOCKS = YES;
				GCC_WARN_64_TO_32_BIT_CONVERSION = YES;
				GCC_WARN_ABOUT_RETURN_TYPE = YES_ERROR;
				GCC_WARN_UNDECLARED_SELECTOR = YES;
				GCC_WARN_UNINITIALIZED_AUTOS = YES_AGGRESSIVE;
				GCC_WARN_UNUSED_FUNCTION = YES;
				GCC_WARN_UNUSED_VARIABLE = YES;
				IPHONEOS_DEPLOYMENT_TARGET = 12.0;
				MTL_ENABLE_DEBUG_INFO = NO;
				MTL_FAST_MATH = YES;
				SDKROOT = iphoneos;
				SWIFT_COMPILATION_MODE = wholemodule;
				SWIFT_OPTIMIZATION_LEVEL = "-O";
				VALIDATE_PRODUCT = YES;
			};
			name = Release;
		};
		6486660223C6BDA00077D9FB /* Debug */ = {
			isa = XCBuildConfiguration;
			buildSettings = {
				ASSETCATALOG_COMPILER_APPICON_NAME = AppIcon;
				CODE_SIGN_STYLE = Automatic;
				DEVELOPMENT_TEAM = B8PR34D6DP;
				INFOPLIST_FILE = iOSSampler/Application/Info.plist;
				IPHONEOS_DEPLOYMENT_TARGET = 12.0;
				LD_RUNPATH_SEARCH_PATHS = (
					"$(inherited)",
					"@executable_path/Frameworks",
				);
				PRODUCT_BUNDLE_IDENTIFIER = jp.yuoku.iOSSampler;
				PRODUCT_NAME = "$(TARGET_NAME)";
				SWIFT_VERSION = 5.0;
				TARGETED_DEVICE_FAMILY = "1,2";
			};
			name = Debug;
		};
		6486660323C6BDA00077D9FB /* Release */ = {
			isa = XCBuildConfiguration;
			buildSettings = {
				ASSETCATALOG_COMPILER_APPICON_NAME = AppIcon;
				CODE_SIGN_STYLE = Automatic;
				DEVELOPMENT_TEAM = B8PR34D6DP;
				INFOPLIST_FILE = iOSSampler/Application/Info.plist;
				IPHONEOS_DEPLOYMENT_TARGET = 12.0;
				LD_RUNPATH_SEARCH_PATHS = (
					"$(inherited)",
					"@executable_path/Frameworks",
				);
				PRODUCT_BUNDLE_IDENTIFIER = jp.yuoku.iOSSampler;
				PRODUCT_NAME = "$(TARGET_NAME)";
				SWIFT_VERSION = 5.0;
				TARGETED_DEVICE_FAMILY = "1,2";
			};
			name = Release;
		};
		6486660523C6BDA00077D9FB /* Debug */ = {
			isa = XCBuildConfiguration;
			buildSettings = {
				ALWAYS_EMBED_SWIFT_STANDARD_LIBRARIES = YES;
				BUNDLE_LOADER = "$(TEST_HOST)";
				CODE_SIGN_STYLE = Automatic;
				DEVELOPMENT_TEAM = B8PR34D6DP;
				INFOPLIST_FILE = iOSSamplerTests/Info.plist;
				IPHONEOS_DEPLOYMENT_TARGET = 13.2;
				LD_RUNPATH_SEARCH_PATHS = (
					"$(inherited)",
					"@executable_path/Frameworks",
					"@loader_path/Frameworks",
				);
				PRODUCT_BUNDLE_IDENTIFIER = jp.yuoku.iOSSamplerTests;
				PRODUCT_NAME = "$(TARGET_NAME)";
				SWIFT_VERSION = 5.0;
				TARGETED_DEVICE_FAMILY = "1,2";
				TEST_HOST = "$(BUILT_PRODUCTS_DIR)/iOSSampler.app/iOSSampler";
			};
			name = Debug;
		};
		6486660623C6BDA00077D9FB /* Release */ = {
			isa = XCBuildConfiguration;
			buildSettings = {
				ALWAYS_EMBED_SWIFT_STANDARD_LIBRARIES = YES;
				BUNDLE_LOADER = "$(TEST_HOST)";
				CODE_SIGN_STYLE = Automatic;
				DEVELOPMENT_TEAM = B8PR34D6DP;
				INFOPLIST_FILE = iOSSamplerTests/Info.plist;
				IPHONEOS_DEPLOYMENT_TARGET = 13.2;
				LD_RUNPATH_SEARCH_PATHS = (
					"$(inherited)",
					"@executable_path/Frameworks",
					"@loader_path/Frameworks",
				);
				PRODUCT_BUNDLE_IDENTIFIER = jp.yuoku.iOSSamplerTests;
				PRODUCT_NAME = "$(TARGET_NAME)";
				SWIFT_VERSION = 5.0;
				TARGETED_DEVICE_FAMILY = "1,2";
				TEST_HOST = "$(BUILT_PRODUCTS_DIR)/iOSSampler.app/iOSSampler";
			};
			name = Release;
		};
		6486660823C6BDA00077D9FB /* Debug */ = {
			isa = XCBuildConfiguration;
			buildSettings = {
				ALWAYS_EMBED_SWIFT_STANDARD_LIBRARIES = YES;
				CODE_SIGN_STYLE = Automatic;
				DEVELOPMENT_TEAM = B8PR34D6DP;
				INFOPLIST_FILE = iOSSamplerUITests/Info.plist;
				LD_RUNPATH_SEARCH_PATHS = (
					"$(inherited)",
					"@executable_path/Frameworks",
					"@loader_path/Frameworks",
				);
				PRODUCT_BUNDLE_IDENTIFIER = jp.yuoku.iOSSamplerUITests;
				PRODUCT_NAME = "$(TARGET_NAME)";
				SWIFT_VERSION = 5.0;
				TARGETED_DEVICE_FAMILY = "1,2";
				TEST_TARGET_NAME = iOSSampler;
			};
			name = Debug;
		};
		6486660923C6BDA00077D9FB /* Release */ = {
			isa = XCBuildConfiguration;
			buildSettings = {
				ALWAYS_EMBED_SWIFT_STANDARD_LIBRARIES = YES;
				CODE_SIGN_STYLE = Automatic;
				DEVELOPMENT_TEAM = B8PR34D6DP;
				INFOPLIST_FILE = iOSSamplerUITests/Info.plist;
				LD_RUNPATH_SEARCH_PATHS = (
					"$(inherited)",
					"@executable_path/Frameworks",
					"@loader_path/Frameworks",
				);
				PRODUCT_BUNDLE_IDENTIFIER = jp.yuoku.iOSSamplerUITests;
				PRODUCT_NAME = "$(TARGET_NAME)";
				SWIFT_VERSION = 5.0;
				TARGETED_DEVICE_FAMILY = "1,2";
				TEST_TARGET_NAME = iOSSampler;
			};
			name = Release;
		};
/* End XCBuildConfiguration section */

/* Begin XCConfigurationList section */
		648665D223C6BD9D0077D9FB /* Build configuration list for PBXProject "iOSSampler" */ = {
			isa = XCConfigurationList;
			buildConfigurations = (
				648665FF23C6BDA00077D9FB /* Debug */,
				6486660023C6BDA00077D9FB /* Release */,
			);
			defaultConfigurationIsVisible = 0;
			defaultConfigurationName = Release;
		};
		6486660123C6BDA00077D9FB /* Build configuration list for PBXNativeTarget "iOSSampler" */ = {
			isa = XCConfigurationList;
			buildConfigurations = (
				6486660223C6BDA00077D9FB /* Debug */,
				6486660323C6BDA00077D9FB /* Release */,
			);
			defaultConfigurationIsVisible = 0;
			defaultConfigurationName = Release;
		};
		6486660423C6BDA00077D9FB /* Build configuration list for PBXNativeTarget "iOSSamplerTests" */ = {
			isa = XCConfigurationList;
			buildConfigurations = (
				6486660523C6BDA00077D9FB /* Debug */,
				6486660623C6BDA00077D9FB /* Release */,
			);
			defaultConfigurationIsVisible = 0;
			defaultConfigurationName = Release;
		};
		6486660723C6BDA00077D9FB /* Build configuration list for PBXNativeTarget "iOSSamplerUITests" */ = {
			isa = XCConfigurationList;
			buildConfigurations = (
				6486660823C6BDA00077D9FB /* Debug */,
				6486660923C6BDA00077D9FB /* Release */,
			);
			defaultConfigurationIsVisible = 0;
			defaultConfigurationName = Release;
		};
/* End XCConfigurationList section */
	};
	rootObject = 648665CF23C6BD9D0077D9FB /* Project object */;
}
